// !$*UTF8*$!
{
	archiveVersion = 1;
	classes = {
	};
	objectVersion = 50;
	objects = {

/* Begin PBXBuildFile section */
		1858606024F452940050FD4B /* AppDelegate.swift in Sources */ = {isa = PBXBuildFile; fileRef = 1858605F24F452940050FD4B /* AppDelegate.swift */; };
		1858606224F452940050FD4B /* SceneDelegate.swift in Sources */ = {isa = PBXBuildFile; fileRef = 1858606124F452940050FD4B /* SceneDelegate.swift */; };
		1858606424F452940050FD4B /* ContentView.swift in Sources */ = {isa = PBXBuildFile; fileRef = 1858606324F452940050FD4B /* ContentView.swift */; };
		1858606624F452950050FD4B /* Assets.xcassets in Resources */ = {isa = PBXBuildFile; fileRef = 1858606524F452950050FD4B /* Assets.xcassets */; };
		1858606924F452950050FD4B /* Preview Assets.xcassets in Resources */ = {isa = PBXBuildFile; fileRef = 1858606824F452950050FD4B /* Preview Assets.xcassets */; };
		1858606C24F452950050FD4B /* LaunchScreen.storyboard in Resources */ = {isa = PBXBuildFile; fileRef = 1858606A24F452950050FD4B /* LaunchScreen.storyboard */; };
		1858607724F4531A0050FD4B /* Order.swift in Sources */ = {isa = PBXBuildFile; fileRef = 1858607324F4531A0050FD4B /* Order.swift */; };
		1858607824F4531A0050FD4B /* Menu.swift in Sources */ = {isa = PBXBuildFile; fileRef = 1858607424F4531A0050FD4B /* Menu.swift */; };
		1858607924F4531A0050FD4B /* Helper.swift in Sources */ = {isa = PBXBuildFile; fileRef = 1858607524F4531A0050FD4B /* Helper.swift */; };
		1858607A24F4531A0050FD4B /* menu.json in Resources */ = {isa = PBXBuildFile; fileRef = 1858607624F4531A0050FD4B /* menu.json */; };
		1858607C24F459DB0050FD4B /* ItemRow.swift in Sources */ = {isa = PBXBuildFile; fileRef = 1858607B24F459DB0050FD4B /* ItemRow.swift */; };
		1858607E24F45E560050FD4B /* ItemDetail.swift in Sources */ = {isa = PBXBuildFile; fileRef = 1858607D24F45E560050FD4B /* ItemDetail.swift */; };
		1858608024F466EF0050FD4B /* OrderView.swift in Sources */ = {isa = PBXBuildFile; fileRef = 1858607F24F466EF0050FD4B /* OrderView.swift */; };
		1858608224F468600050FD4B /* AppView.swift in Sources */ = {isa = PBXBuildFile; fileRef = 1858608124F468600050FD4B /* AppView.swift */; };
		1858608424F4697E0050FD4B /* CheckoutView.swift in Sources */ = {isa = PBXBuildFile; fileRef = 1858608324F4697E0050FD4B /* CheckoutView.swift */; };
		1858608624F4AE020050FD4B /* RatingView.swift in Sources */ = {isa = PBXBuildFile; fileRef = 1858608524F4AE020050FD4B /* RatingView.swift */; };
/* End PBXBuildFile section */

/* Begin PBXFileReference section */
		1858605C24F452940050FD4B /* FoodKart.app */ = {isa = PBXFileReference; explicitFileType = wrapper.application; includeInIndex = 0; path = FoodKart.app; sourceTree = BUILT_PRODUCTS_DIR; };
		1858605F24F452940050FD4B /* AppDelegate.swift */ = {isa = PBXFileReference; lastKnownFileType = sourcecode.swift; path = AppDelegate.swift; sourceTree = "<group>"; };
		1858606124F452940050FD4B /* SceneDelegate.swift */ = {isa = PBXFileReference; lastKnownFileType = sourcecode.swift; path = SceneDelegate.swift; sourceTree = "<group>"; };
		1858606324F452940050FD4B /* ContentView.swift */ = {isa = PBXFileReference; lastKnownFileType = sourcecode.swift; path = ContentView.swift; sourceTree = "<group>"; };
		1858606524F452950050FD4B /* Assets.xcassets */ = {isa = PBXFileReference; lastKnownFileType = folder.assetcatalog; path = Assets.xcassets; sourceTree = "<group>"; };
		1858606824F452950050FD4B /* Preview Assets.xcassets */ = {isa = PBXFileReference; lastKnownFileType = folder.assetcatalog; path = "Preview Assets.xcassets"; sourceTree = "<group>"; };
		1858606B24F452950050FD4B /* Base */ = {isa = PBXFileReference; lastKnownFileType = file.storyboard; name = Base; path = Base.lproj/LaunchScreen.storyboard; sourceTree = "<group>"; };
		1858606D24F452950050FD4B /* Info.plist */ = {isa = PBXFileReference; lastKnownFileType = text.plist.xml; path = Info.plist; sourceTree = "<group>"; };
		1858607324F4531A0050FD4B /* Order.swift */ = {isa = PBXFileReference; fileEncoding = 4; lastKnownFileType = sourcecode.swift; path = Order.swift; sourceTree = "<group>"; };
		1858607424F4531A0050FD4B /* Menu.swift */ = {isa = PBXFileReference; fileEncoding = 4; lastKnownFileType = sourcecode.swift; path = Menu.swift; sourceTree = "<group>"; };
		1858607524F4531A0050FD4B /* Helper.swift */ = {isa = PBXFileReference; fileEncoding = 4; lastKnownFileType = sourcecode.swift; path = Helper.swift; sourceTree = "<group>"; };
		1858607624F4531A0050FD4B /* menu.json */ = {isa = PBXFileReference; fileEncoding = 4; lastKnownFileType = text.json; path = menu.json; sourceTree = "<group>"; };
		1858607B24F459DB0050FD4B /* ItemRow.swift */ = {isa = PBXFileReference; lastKnownFileType = sourcecode.swift; path = ItemRow.swift; sourceTree = "<group>"; };
		1858607D24F45E560050FD4B /* ItemDetail.swift */ = {isa = PBXFileReference; lastKnownFileType = sourcecode.swift; path = ItemDetail.swift; sourceTree = "<group>"; };
		1858607F24F466EF0050FD4B /* OrderView.swift */ = {isa = PBXFileReference; lastKnownFileType = sourcecode.swift; path = OrderView.swift; sourceTree = "<group>"; };
		1858608124F468600050FD4B /* AppView.swift */ = {isa = PBXFileReference; lastKnownFileType = sourcecode.swift; path = AppView.swift; sourceTree = "<group>"; };
		1858608324F4697E0050FD4B /* CheckoutView.swift */ = {isa = PBXFileReference; lastKnownFileType = sourcecode.swift; path = CheckoutView.swift; sourceTree = "<group>"; };
		1858608524F4AE020050FD4B /* RatingView.swift */ = {isa = PBXFileReference; lastKnownFileType = sourcecode.swift; path = RatingView.swift; sourceTree = "<group>"; };
/* End PBXFileReference section */

/* Begin PBXFrameworksBuildPhase section */
		1858605924F452940050FD4B /* Frameworks */ = {
			isa = PBXFrameworksBuildPhase;
			buildActionMask = 2147483647;
			files = (
			);
			runOnlyForDeploymentPostprocessing = 0;
		};
/* End PBXFrameworksBuildPhase section */

/* Begin PBXGroup section */
		1858605324F452940050FD4B = {
			isa = PBXGroup;
			children = (
				1858605E24F452940050FD4B /* FoodKart */,
				1858605D24F452940050FD4B /* Products */,
			);
			sourceTree = "<group>";
		};
		1858605D24F452940050FD4B /* Products */ = {
			isa = PBXGroup;
			children = (
				1858605C24F452940050FD4B /* FoodKart.app */,
			);
			name = Products;
			sourceTree = "<group>";
		};
		1858605E24F452940050FD4B /* FoodKart */ = {
			isa = PBXGroup;
			children = (
				1858605F24F452940050FD4B /* AppDelegate.swift */,
				1858606124F452940050FD4B /* SceneDelegate.swift */,
				1858608324F4697E0050FD4B /* CheckoutView.swift */,
				1858606324F452940050FD4B /* ContentView.swift */,
				1858607524F4531A0050FD4B /* Helper.swift */,
				1858607624F4531A0050FD4B /* menu.json */,
				1858607424F4531A0050FD4B /* Menu.swift */,
				1858607324F4531A0050FD4B /* Order.swift */,
				1858606524F452950050FD4B /* Assets.xcassets */,
				1858606A24F452950050FD4B /* LaunchScreen.storyboard */,
				1858606D24F452950050FD4B /* Info.plist */,
				1858606724F452950050FD4B /* Preview Content */,
				1858607B24F459DB0050FD4B /* ItemRow.swift */,
				1858607D24F45E560050FD4B /* ItemDetail.swift */,
				1858607F24F466EF0050FD4B /* OrderView.swift */,
				1858608124F468600050FD4B /* AppView.swift */,
				1858608524F4AE020050FD4B /* RatingView.swift */,
			);
			path = FoodKart;
			sourceTree = "<group>";
		};
		1858606724F452950050FD4B /* Preview Content */ = {
			isa = PBXGroup;
			children = (
				1858606824F452950050FD4B /* Preview Assets.xcassets */,
			);
			path = "Preview Content";
			sourceTree = "<group>";
		};
/* End PBXGroup section */

/* Begin PBXNativeTarget section */
		1858605B24F452940050FD4B /* FoodKart */ = {
			isa = PBXNativeTarget;
			buildConfigurationList = 1858607024F452950050FD4B /* Build configuration list for PBXNativeTarget "FoodKart" */;
			buildPhases = (
				1858605824F452940050FD4B /* Sources */,
				1858605924F452940050FD4B /* Frameworks */,
				1858605A24F452940050FD4B /* Resources */,
			);
			buildRules = (
			);
			dependencies = (
			);
			name = FoodKart;
			productName = FoodKart;
			productReference = 1858605C24F452940050FD4B /* FoodKart.app */;
			productType = "com.apple.product-type.application";
		};
/* End PBXNativeTarget section */

/* Begin PBXProject section */
		1858605424F452940050FD4B /* Project object */ = {
			isa = PBXProject;
			attributes = {
				LastSwiftUpdateCheck = 1160;
				LastUpgradeCheck = 1160;
				ORGANIZATIONNAME = "Jayakrishnan u";
				TargetAttributes = {
					1858605B24F452940050FD4B = {
						CreatedOnToolsVersion = 11.6;
					};
				};
			};
			buildConfigurationList = 1858605724F452940050FD4B /* Build configuration list for PBXProject "FoodKart" */;
			compatibilityVersion = "Xcode 9.3";
			developmentRegion = en;
			hasScannedForEncodings = 0;
			knownRegions = (
				en,
				Base,
			);
			mainGroup = 1858605324F452940050FD4B;
			productRefGroup = 1858605D24F452940050FD4B /* Products */;
			projectDirPath = "";
			projectRoot = "";
			targets = (
				1858605B24F452940050FD4B /* FoodKart */,
			);
		};
/* End PBXProject section */

/* Begin PBXResourcesBuildPhase section */
		1858605A24F452940050FD4B /* Resources */ = {
			isa = PBXResourcesBuildPhase;
			buildActionMask = 2147483647;
			files = (
				1858606C24F452950050FD4B /* LaunchScreen.storyboard in Resources */,
				1858606924F452950050FD4B /* Preview Assets.xcassets in Resources */,
				1858607A24F4531A0050FD4B /* menu.json in Resources */,
				1858606624F452950050FD4B /* Assets.xcassets in Resources */,
			);
			runOnlyForDeploymentPostprocessing = 0;
		};
/* End PBXResourcesBuildPhase section */

/* Begin PBXSourcesBuildPhase section */
		1858605824F452940050FD4B /* Sources */ = {
			isa = PBXSourcesBuildPhase;
			buildActionMask = 2147483647;
			files = (
				1858606024F452940050FD4B /* AppDelegate.swift in Sources */,
				1858608424F4697E0050FD4B /* CheckoutView.swift in Sources */,
				1858606224F452940050FD4B /* SceneDelegate.swift in Sources */,
				1858608624F4AE020050FD4B /* RatingView.swift in Sources */,
				1858607724F4531A0050FD4B /* Order.swift in Sources */,
				1858607C24F459DB0050FD4B /* ItemRow.swift in Sources */,
				1858606424F452940050FD4B /* ContentView.swift in Sources */,
				1858607E24F45E560050FD4B /* ItemDetail.swift in Sources */,
				1858608024F466EF0050FD4B /* OrderView.swift in Sources */,
				1858607824F4531A0050FD4B /* Menu.swift in Sources */,
				1858608224F468600050FD4B /* AppView.swift in Sources */,
				1858607924F4531A0050FD4B /* Helper.swift in Sources */,
			);
			runOnlyForDeploymentPostprocessing = 0;
		};
/* End PBXSourcesBuildPhase section */

/* Begin PBXVariantGroup section */
		1858606A24F452950050FD4B /* LaunchScreen.storyboard */ = {
			isa = PBXVariantGroup;
			children = (
				1858606B24F452950050FD4B /* Base */,
			);
			name = LaunchScreen.storyboard;
			sourceTree = "<group>";
		};
/* End PBXVariantGroup section */

/* Begin XCBuildConfiguration section */
		1858606E24F452950050FD4B /* Debug */ = {
			isa = XCBuildConfiguration;
			buildSettings = {
				ALWAYS_SEARCH_USER_PATHS = NO;
				CLANG_ANALYZER_NONNULL = YES;
				CLANG_ANALYZER_NUMBER_OBJECT_CONVERSION = YES_AGGRESSIVE;
				CLANG_CXX_LANGUAGE_STANDARD = "gnu++14";
				CLANG_CXX_LIBRARY = "libc++";
				CLANG_ENABLE_MODULES = YES;
				CLANG_ENABLE_OBJC_ARC = YES;
				CLANG_ENABLE_OBJC_WEAK = YES;
				CLANG_WARN_BLOCK_CAPTURE_AUTORELEASING = YES;
				CLANG_WARN_BOOL_CONVERSION = YES;
				CLANG_WARN_COMMA = YES;
				CLANG_WARN_CONSTANT_CONVERSION = YES;
				CLANG_WARN_DEPRECATED_OBJC_IMPLEMENTATIONS = YES;
				CLANG_WARN_DIRECT_OBJC_ISA_USAGE = YES_ERROR;
				CLANG_WARN_DOCUMENTATION_COMMENTS = YES;
				CLANG_WARN_EMPTY_BODY = YES;
				CLANG_WARN_ENUM_CONVERSION = YES;
				CLANG_WARN_INFINITE_RECURSION = YES;
				CLANG_WARN_INT_CONVERSION = YES;
				CLANG_WARN_NON_LITERAL_NULL_CONVERSION = YES;
				CLANG_WARN_OBJC_IMPLICIT_RETAIN_SELF = YES;
				CLANG_WARN_OBJC_LITERAL_CONVERSION = YES;
				CLANG_WARN_OBJC_ROOT_CLASS = YES_ERROR;
				CLANG_WARN_RANGE_LOOP_ANALYSIS = YES;
				CLANG_WARN_STRICT_PROTOTYPES = YES;
				CLANG_WARN_SUSPICIOUS_MOVE = YES;
				CLANG_WARN_UNGUARDED_AVAILABILITY = YES_AGGRESSIVE;
				CLANG_WARN_UNREACHABLE_CODE = YES;
				CLANG_WARN__DUPLICATE_METHOD_MATCH = YES;
				COPY_PHASE_STRIP = NO;
				DEBUG_INFORMATION_FORMAT = dwarf;
				ENABLE_STRICT_OBJC_MSGSEND = YES;
				ENABLE_TESTABILITY = YES;
				GCC_C_LANGUAGE_STANDARD = gnu11;
				GCC_DYNAMIC_NO_PIC = NO;
				GCC_NO_COMMON_BLOCKS = YES;
				GCC_OPTIMIZATION_LEVEL = 0;
				GCC_PREPROCESSOR_DEFINITIONS = (
					"DEBUG=1",
					"$(inherited)",
				);
				GCC_WARN_64_TO_32_BIT_CONVERSION = YES;
				GCC_WARN_ABOUT_RETURN_TYPE = YES_ERROR;
				GCC_WARN_UNDECLARED_SELECTOR = YES;
				GCC_WARN_UNINITIALIZED_AUTOS = YES_AGGRESSIVE;
				GCC_WARN_UNUSED_FUNCTION = YES;
				GCC_WARN_UNUSED_VARIABLE = YES;
				IPHONEOS_DEPLOYMENT_TARGET = 13.6;
				MTL_ENABLE_DEBUG_INFO = INCLUDE_SOURCE;
				MTL_FAST_MATH = YES;
				ONLY_ACTIVE_ARCH = YES;
				SDKROOT = iphoneos;
				SWIFT_ACTIVE_COMPILATION_CONDITIONS = DEBUG;
				SWIFT_OPTIMIZATION_LEVEL = "-Onone";
			};
			name = Debug;
		};
		1858606F24F452950050FD4B /* Release */ = {
			isa = XCBuildConfiguration;
			buildSettings = {
				ALWAYS_SEARCH_USER_PATHS = NO;
				CLANG_ANALYZER_NONNULL = YES;
				CLANG_ANALYZER_NUMBER_OBJECT_CONVERSION = YES_AGGRESSIVE;
				CLANG_CXX_LANGUAGE_STANDARD = "gnu++14";
				CLANG_CXX_LIBRARY = "libc++";
				CLANG_ENABLE_MODULES = YES;
				CLANG_ENABLE_OBJC_ARC = YES;
				CLANG_ENABLE_OBJC_WEAK = YES;
				CLANG_WARN_BLOCK_CAPTURE_AUTORELEASING = YES;
				CLANG_WARN_BOOL_CONVERSION = YES;
				CLANG_WARN_COMMA = YES;
				CLANG_WARN_CONSTANT_CONVERSION = YES;
				CLANG_WARN_DEPRECATED_OBJC_IMPLEMENTATIONS = YES;
				CLANG_WARN_DIRECT_OBJC_ISA_USAGE = YES_ERROR;
				CLANG_WARN_DOCUMENTATION_COMMENTS = YES;
				CLANG_WARN_EMPTY_BODY = YES;
				CLANG_WARN_ENUM_CONVERSION = YES;
				CLANG_WARN_INFINITE_RECURSION = YES;
				CLANG_WARN_INT_CONVERSION = YES;
				CLANG_WARN_NON_LITERAL_NULL_CONVERSION = YES;
				CLANG_WARN_OBJC_IMPLICIT_RETAIN_SELF = YES;
				CLANG_WARN_OBJC_LITERAL_CONVERSION = YES;
				CLANG_WARN_OBJC_ROOT_CLASS = YES_ERROR;
				CLANG_WARN_RANGE_LOOP_ANALYSIS = YES;
				CLANG_WARN_STRICT_PROTOTYPES = YES;
				CLANG_WARN_SUSPICIOUS_MOVE = YES;
				CLANG_WARN_UNGUARDED_AVAILABILITY = YES_AGGRESSIVE;
				CLANG_WARN_UNREACHABLE_CODE = YES;
				CLANG_WARN__DUPLICATE_METHOD_MATCH = YES;
				COPY_PHASE_STRIP = NO;
				DEBUG_INFORMATION_FORMAT = "dwarf-with-dsym";
				ENABLE_NS_ASSERTIONS = NO;
				ENABLE_STRICT_OBJC_MSGSEND = YES;
				GCC_C_LANGUAGE_STANDARD = gnu11;
				GCC_NO_COMMON_BLOCKS = YES;
				GCC_WARN_64_TO_32_BIT_CONVERSION = YES;
				GCC_WARN_ABOUT_RETURN_TYPE = YES_ERROR;
				GCC_WARN_UNDECLARED_SELECTOR = YES;
				GCC_WARN_UNINITIALIZED_AUTOS = YES_AGGRESSIVE;
				GCC_WARN_UNUSED_FUNCTION = YES;
				GCC_WARN_UNUSED_VARIABLE = YES;
				IPHONEOS_DEPLOYMENT_TARGET = 13.6;
				MTL_ENABLE_DEBUG_INFO = NO;
				MTL_FAST_MATH = YES;
				SDKROOT = iphoneos;
				SWIFT_COMPILATION_MODE = wholemodule;
				SWIFT_OPTIMIZATION_LEVEL = "-O";
				VALIDATE_PRODUCT = YES;
			};
			name = Release;
		};
		1858607124F452950050FD4B /* Debug */ = {
			isa = XCBuildConfiguration;
			buildSettings = {
				ASSETCATALOG_COMPILER_APPICON_NAME = AppIcon;
				CODE_SIGN_STYLE = Automatic;
				DEVELOPMENT_ASSET_PATHS = "\"FoodKart/Preview Content\"";
				DEVELOPMENT_TEAM = DTUR2DC9WC;
				ENABLE_PREVIEWS = YES;
				INFOPLIST_FILE = FoodKart/Info.plist;
				LD_RUNPATH_SEARCH_PATHS = (
					"$(inherited)",
					"@executable_path/Frameworks",
				);
				PRODUCT_BUNDLE_IDENTIFIER = com.jayakrishnan.FoodKart;
				PRODUCT_NAME = "$(TARGET_NAME)";
				SWIFT_VERSION = 5.0;
				TARGETED_DEVICE_FAMILY = "1,2";
			};
			name = Debug;
		};
		1858607224F452950050FD4B /* Release */ = {
			isa = XCBuildConfiguration;
			buildSettings = {
				ASSETCATALOG_COMPILER_APPICON_NAME = AppIcon;
				CODE_SIGN_STYLE = Automatic;
				DEVELOPMENT_ASSET_PATHS = "\"FoodKart/Preview Content\"";
				DEVELOPMENT_TEAM = DTUR2DC9WC;
				ENABLE_PREVIEWS = YES;
				INFOPLIST_FILE = FoodKart/Info.plist;
				LD_RUNPATH_SEARCH_PATHS = (
					"$(inherited)",
					"@executable_path/Frameworks",
				);
				PRODUCT_BUNDLE_IDENTIFIER = com.jayakrishnan.FoodKart;
				PRODUCT_NAME = "$(TARGET_NAME)";
				SWIFT_VERSION = 5.0;
				TARGETED_DEVICE_FAMILY = "1,2";
			};
			name = Release;
		};
/* End XCBuildConfiguration section */

/* Begin XCConfigurationList section */
		1858605724F452940050FD4B /* Build configuration list for PBXProject "FoodKart" */ = {
			isa = XCConfigurationList;
			buildConfigurations = (
				1858606E24F452950050FD4B /* Debug */,
				1858606F24F452950050FD4B /* Release */,
			);
			defaultConfigurationIsVisible = 0;
			defaultConfigurationName = Release;
		};
		1858607024F452950050FD4B /* Build configuration list for PBXNativeTarget "FoodKart" */ = {
			isa = XCConfigurationList;
			buildConfigurations = (
				1858607124F452950050FD4B /* Debug */,
				1858607224F452950050FD4B /* Release */,
			);
			defaultConfigurationIsVisible = 0;
			defaultConfigurationName = Release;
		};
/* End XCConfigurationList section */
	};
	rootObject = 1858605424F452940050FD4B /* Project object */;
}
